
Microsoft Visual Studio Solution File, Format Version 12.00
# Visual Studio Version 16
VisualStudioVersion = 16.0.30011.22
MinimumVisualStudioVersion = 10.0.40219.1
Project("{FAE04EC0-301F-11D3-BF4B-00C04F79EFBC}") = "Ds", "Ds.csproj", "{10DBFC35-2468-4DBC-BC60-399D9A8BEEAF}"
EndProject
Global
	GlobalSection(SolutionConfigurationPlatforms) = preSolution
		Debug|Any CPU = Debug|Any CPU
		Release|Any CPU = Release|Any CPU
	EndGlobalSection
	GlobalSection(ProjectConfigurationPlatforms) = postSolution
		{10DBFC35-2468-4DBC-BC60-399D9A8BEEAF}.Debug|Any CPU.ActiveCfg = Debug|Any CPU
		{10DBFC35-2468-4DBC-BC60-399D9A8BEEAF}.Debug|Any CPU.Build.0 = Debug|Any CPU
		{10DBFC35-2468-4DBC-BC60-399D9A8BEEAF}.Release|Any CPU.ActiveCfg = Release|Any CPU
		{10DBFC35-2468-4DBC-BC60-399D9A8BEEAF}.Release|Any CPU.Build.0 = Release|Any CPU
	EndGlobalSection
	GlobalSection(SolutionProperties) = preSolution
		HideSolutionNode = FALSE
	EndGlobalSection
	GlobalSection(ExtensibilityGlobals) = postSolution
		SolutionGuid = {8D1E9570-55BF-43D7-BA53-CF9488EE60EC}
	EndGlobalSection
EndGlobal
