
Microsoft Visual Studio Solution File, Format Version 12.00
# Visual Studio Version 17
VisualStudioVersion = 17.12.35521.163 d17.12
MinimumVisualStudioVersion = 10.0.40219.1
Project("{FAE04EC0-301F-11D3-BF4B-00C04F79EFBC}") = "Ds", "Ds\Ds.csproj", "{1E57B07A-4F09-4BE1-BF0C-D9CEB2061F37}"
EndProject
Project("{FAE04EC0-301F-11D3-BF4B-00C04F79EFBC}") = "Sorts", "..\Sorts\Sorts.csproj", "{9969DBEE-5F09-428D-B18A-41706C9ED3F9}"
EndProject
Project("{FAE04EC0-301F-11D3-BF4B-00C04F79EFBC}") = "StackLibrary", "..\StackLibrary\StackLibrary.csproj", "{A8A7E80B-D234-4AB4-9D7B-1A7AF192E0AA}"
EndProject
Project("{FAE04EC0-301F-11D3-BF4B-00C04F79EFBC}") = "NumberToWord", "..\NumberToWord\NumberToWord.csproj", "{5063DD7A-879C-4D86-9488-DAE2EF989E68}"
EndProject
Project("{FAE04EC0-301F-11D3-BF4B-00C04F79EFBC}") = "MathHelpers", "..\MathHelpers\MathHelpers.csproj", "{32109F81-FE30-414E-BA95-44B036952212}"
EndProject
Project("{FAE04EC0-301F-11D3-BF4B-00C04F79EFBC}") = "Binarysearch", "..\Binarysearch\Binarysearch.csproj", "{AA97AD59-5E42-4184-A95F-A2914A7538FC}"
EndProject
Global
	GlobalSection(SolutionConfigurationPlatforms) = preSolution
		Debug|Any CPU = Debug|Any CPU
		Release|Any CPU = Release|Any CPU
	EndGlobalSection
	GlobalSection(ProjectConfigurationPlatforms) = postSolution
		{1E57B07A-4F09-4BE1-BF0C-D9CEB2061F37}.Debug|Any CPU.ActiveCfg = Debug|Any CPU
		{1E57B07A-4F09-4BE1-BF0C-D9CEB2061F37}.Debug|Any CPU.Build.0 = Debug|Any CPU
		{1E57B07A-4F09-4BE1-BF0C-D9CEB2061F37}.Release|Any CPU.ActiveCfg = Release|Any CPU
		{1E57B07A-4F09-4BE1-BF0C-D9CEB2061F37}.Release|Any CPU.Build.0 = Release|Any CPU
		{9969DBEE-5F09-428D-B18A-41706C9ED3F9}.Debug|Any CPU.ActiveCfg = Debug|Any CPU
		{9969DBEE-5F09-428D-B18A-41706C9ED3F9}.Debug|Any CPU.Build.0 = Debug|Any CPU
		{9969DBEE-5F09-428D-B18A-41706C9ED3F9}.Release|Any CPU.ActiveCfg = Release|Any CPU
		{9969DBEE-5F09-428D-B18A-41706C9ED3F9}.Release|Any CPU.Build.0 = Release|Any CPU
		{A8A7E80B-D234-4AB4-9D7B-1A7AF192E0AA}.Debug|Any CPU.ActiveCfg = Debug|Any CPU
		{A8A7E80B-D234-4AB4-9D7B-1A7AF192E0AA}.Debug|Any CPU.Build.0 = Debug|Any CPU
		{A8A7E80B-D234-4AB4-9D7B-1A7AF192E0AA}.Release|Any CPU.ActiveCfg = Release|Any CPU
		{A8A7E80B-D234-4AB4-9D7B-1A7AF192E0AA}.Release|Any CPU.Build.0 = Release|Any CPU
		{5063DD7A-879C-4D86-9488-DAE2EF989E68}.Debug|Any CPU.ActiveCfg = Debug|Any CPU
		{5063DD7A-879C-4D86-9488-DAE2EF989E68}.Debug|Any CPU.Build.0 = Debug|Any CPU
		{5063DD7A-879C-4D86-9488-DAE2EF989E68}.Release|Any CPU.ActiveCfg = Release|Any CPU
		{5063DD7A-879C-4D86-9488-DAE2EF989E68}.Release|Any CPU.Build.0 = Release|Any CPU
		{32109F81-FE30-414E-BA95-44B036952212}.Debug|Any CPU.ActiveCfg = Debug|Any CPU
		{32109F81-FE30-414E-BA95-44B036952212}.Debug|Any CPU.Build.0 = Debug|Any CPU
		{32109F81-FE30-414E-BA95-44B036952212}.Release|Any CPU.ActiveCfg = Release|Any CPU
		{32109F81-FE30-414E-BA95-44B036952212}.Release|Any CPU.Build.0 = Release|Any CPU
		{AA97AD59-5E42-4184-A95F-A2914A7538FC}.Debug|Any CPU.ActiveCfg = Debug|Any CPU
		{AA97AD59-5E42-4184-A95F-A2914A7538FC}.Debug|Any CPU.Build.0 = Debug|Any CPU
		{AA97AD59-5E42-4184-A95F-A2914A7538FC}.Release|Any CPU.ActiveCfg = Release|Any CPU
		{AA97AD59-5E42-4184-A95F-A2914A7538FC}.Release|Any CPU.Build.0 = Release|Any CPU
	EndGlobalSection
	GlobalSection(SolutionProperties) = preSolution
		HideSolutionNode = FALSE
	EndGlobalSection
EndGlobal
